// !$*UTF8*$!
{
	archiveVersion = 1;
	classes = {
	};
	objectVersion = 50;
	objects = {

/* Begin PBXBuildFile section */
		4B75E3C62387CD93004ED3E4 /* CAIProbe.framework in Frameworks */ = {isa = PBXBuildFile; fileRef = 4B75E3BC2387CD93004ED3E4 /* CAIProbe.framework */; };
		4B75E3CB2387CD93004ED3E4 /* CAIProbeTests.m in Sources */ = {isa = PBXBuildFile; fileRef = 4B75E3CA2387CD93004ED3E4 /* CAIProbeTests.m */; };
		4B75E3EF2387CE4E004ED3E4 /* CAIProbeDelegate.h in Headers */ = {isa = PBXBuildFile; fileRef = 4B75E3DA2387CE4E004ED3E4 /* CAIProbeDelegate.h */; settings = {ATTRIBUTES = (Public, ); }; };
		4B75E3F02387CE4E004ED3E4 /* CAIPKeyPathParser.m in Sources */ = {isa = PBXBuildFile; fileRef = 4B75E3DC2387CE4E004ED3E4 /* CAIPKeyPathParser.m */; };
		4B75E3F12387CE4E004ED3E4 /* CAIPModel.m in Sources */ = {isa = PBXBuildFile; fileRef = 4B75E3DD2387CE4E004ED3E4 /* CAIPModel.m */; };
		4B75E3F22387CE4E004ED3E4 /* CAIPEvent.h in Headers */ = {isa = PBXBuildFile; fileRef = 4B75E3DE2387CE4E004ED3E4 /* CAIPEvent.h */; settings = {ATTRIBUTES = (Public, ); }; };
		4B75E3F32387CE4E004ED3E4 /* CAIPLog.m in Sources */ = {isa = PBXBuildFile; fileRef = 4B75E3DF2387CE4E004ED3E4 /* CAIPLog.m */; };
		4B75E3F42387CE4E004ED3E4 /* CAIPKeyPath.h in Headers */ = {isa = PBXBuildFile; fileRef = 4B75E3E02387CE4E004ED3E4 /* CAIPKeyPath.h */; settings = {ATTRIBUTES = (Public, ); }; };
		4B75E3F52387CE4E004ED3E4 /* CAIPPlan.m in Sources */ = {isa = PBXBuildFile; fileRef = 4B75E3E12387CE4E004ED3E4 /* CAIPPlan.m */; };
		4B75E3F62387CE4E004ED3E4 /* CAIPKeyPathParser.h in Headers */ = {isa = PBXBuildFile; fileRef = 4B75E3E22387CE4E004ED3E4 /* CAIPKeyPathParser.h */; settings = {ATTRIBUTES = (Public, ); }; };
		4B75E3F72387CE4E004ED3E4 /* CAIPEvent.m in Sources */ = {isa = PBXBuildFile; fileRef = 4B75E3E32387CE4E004ED3E4 /* CAIPEvent.m */; };
		4B75E3F82387CE4E004ED3E4 /* CAIPModel.h in Headers */ = {isa = PBXBuildFile; fileRef = 4B75E3E42387CE4E004ED3E4 /* CAIPModel.h */; settings = {ATTRIBUTES = (Public, ); }; };
		4B75E3F92387CE4E004ED3E4 /* CAIPKeyPath.m in Sources */ = {isa = PBXBuildFile; fileRef = 4B75E3E52387CE4E004ED3E4 /* CAIPKeyPath.m */; };
		4B75E3FA2387CE4E004ED3E4 /* CAIPLog.h in Headers */ = {isa = PBXBuildFile; fileRef = 4B75E3E62387CE4E004ED3E4 /* CAIPLog.h */; settings = {ATTRIBUTES = (Public, ); }; };
		4B75E3FB2387CE4E004ED3E4 /* CAIPPlan.h in Headers */ = {isa = PBXBuildFile; fileRef = 4B75E3E72387CE4E004ED3E4 /* CAIPPlan.h */; settings = {ATTRIBUTES = (Public, ); }; };
		4B75E3FC2387CE4E004ED3E4 /* CAIProbe.h in Headers */ = {isa = PBXBuildFile; fileRef = 4B75E3E92387CE4E004ED3E4 /* CAIProbe.h */; settings = {ATTRIBUTES = (Public, ); }; };
		4B75E3FD2387CE4E004ED3E4 /* CAIDecoder.m in Sources */ = {isa = PBXBuildFile; fileRef = 4B75E3EA2387CE4E004ED3E4 /* CAIDecoder.m */; };
		4B75E3FE2387CE4E004ED3E4 /* CAIPAOPManager.m in Sources */ = {isa = PBXBuildFile; fileRef = 4B75E3EB2387CE4E004ED3E4 /* CAIPAOPManager.m */; };
		4B75E3FF2387CE4E004ED3E4 /* CAIProbe.m in Sources */ = {isa = PBXBuildFile; fileRef = 4B75E3EC2387CE4E004ED3E4 /* CAIProbe.m */; };
		4B75E4002387CE4E004ED3E4 /* CAIDecoder.h in Headers */ = {isa = PBXBuildFile; fileRef = 4B75E3ED2387CE4E004ED3E4 /* CAIDecoder.h */; };
		4B75E4012387CE4E004ED3E4 /* CAIPAOPManager.h in Headers */ = {isa = PBXBuildFile; fileRef = 4B75E3EE2387CE4E004ED3E4 /* CAIPAOPManager.h */; };
		4B75E4032387CEA4004ED3E4 /* Aspects.framework in Frameworks */ = {isa = PBXBuildFile; fileRef = 4B75E3D72387CDCB004ED3E4 /* Aspects.framework */; };
		4B75E4062387CF96004ED3E4 /* CAIProbeUtils.m in Sources */ = {isa = PBXBuildFile; fileRef = 4B75E4042387CF96004ED3E4 /* CAIProbeUtils.m */; };
		4B75E4072387CF96004ED3E4 /* CAIProbeUtils.h in Headers */ = {isa = PBXBuildFile; fileRef = 4B75E4052387CF96004ED3E4 /* CAIProbeUtils.h */; };
		4B75E4232387D2A1004ED3E4 /* CAIProbe.framework in Frameworks */ = {isa = PBXBuildFile; fileRef = 4B75E41A2387D2A1004ED3E4 /* CAIProbe.framework */; };
		4B75E4282387D2A1004ED3E4 /* CAIProbe_tvOSTests.m in Sources */ = {isa = PBXBuildFile; fileRef = 4B75E4272387D2A1004ED3E4 /* CAIProbe_tvOSTests.m */; };
		4B75E43F2387D2BC004ED3E4 /* CAIProbe.framework in Frameworks */ = {isa = PBXBuildFile; fileRef = 4B75E4362387D2BC004ED3E4 /* CAIProbe.framework */; };
		4B75E4442387D2BC004ED3E4 /* CAIProbe_macOSTests.m in Sources */ = {isa = PBXBuildFile; fileRef = 4B75E4432387D2BC004ED3E4 /* CAIProbe_macOSTests.m */; };
		4B75E44D2387D3A1004ED3E4 /* CAIProbe.h in Sources */ = {isa = PBXBuildFile; fileRef = 4B75E3E92387CE4E004ED3E4 /* CAIProbe.h */; };
		4B75E44E2387D3A1004ED3E4 /* CAIPKeyPathParser.m in Sources */ = {isa = PBXBuildFile; fileRef = 4B75E3DC2387CE4E004ED3E4 /* CAIPKeyPathParser.m */; };
		4B75E44F2387D3A1004ED3E4 /* CAIPModel.m in Sources */ = {isa = PBXBuildFile; fileRef = 4B75E3DD2387CE4E004ED3E4 /* CAIPModel.m */; };
		4B75E4502387D3A1004ED3E4 /* CAIPEvent.h in Sources */ = {isa = PBXBuildFile; fileRef = 4B75E3DE2387CE4E004ED3E4 /* CAIPEvent.h */; };
		4B75E4512387D3A1004ED3E4 /* CAIPLog.m in Sources */ = {isa = PBXBuildFile; fileRef = 4B75E3DF2387CE4E004ED3E4 /* CAIPLog.m */; };
		4B75E4522387D3A1004ED3E4 /* CAIPKeyPath.h in Sources */ = {isa = PBXBuildFile; fileRef = 4B75E3E02387CE4E004ED3E4 /* CAIPKeyPath.h */; };
		4B75E4532387D3A1004ED3E4 /* CAIPPlan.m in Sources */ = {isa = PBXBuildFile; fileRef = 4B75E3E12387CE4E004ED3E4 /* CAIPPlan.m */; };
		4B75E4542387D3A1004ED3E4 /* CAIPKeyPathParser.h in Sources */ = {isa = PBXBuildFile; fileRef = 4B75E3E22387CE4E004ED3E4 /* CAIPKeyPathParser.h */; };
		4B75E4552387D3A1004ED3E4 /* CAIPEvent.m in Sources */ = {isa = PBXBuildFile; fileRef = 4B75E3E32387CE4E004ED3E4 /* CAIPEvent.m */; };
		4B75E4562387D3A1004ED3E4 /* CAIPModel.h in Sources */ = {isa = PBXBuildFile; fileRef = 4B75E3E42387CE4E004ED3E4 /* CAIPModel.h */; };
		4B75E4572387D3A1004ED3E4 /* CAIPKeyPath.m in Sources */ = {isa = PBXBuildFile; fileRef = 4B75E3E52387CE4E004ED3E4 /* CAIPKeyPath.m */; };
		4B75E4582387D3A1004ED3E4 /* CAIPLog.h in Sources */ = {isa = PBXBuildFile; fileRef = 4B75E3E62387CE4E004ED3E4 /* CAIPLog.h */; };
		4B75E4592387D3A1004ED3E4 /* CAIPPlan.h in Sources */ = {isa = PBXBuildFile; fileRef = 4B75E3E72387CE4E004ED3E4 /* CAIPPlan.h */; };
		4B75E45A2387D3A1004ED3E4 /* CAIProbeUtils.h in Sources */ = {isa = PBXBuildFile; fileRef = 4B75E4052387CF96004ED3E4 /* CAIProbeUtils.h */; };
		4B75E45B2387D3A1004ED3E4 /* CAIProbeUtils.m in Sources */ = {isa = PBXBuildFile; fileRef = 4B75E4042387CF96004ED3E4 /* CAIProbeUtils.m */; };
		4B75E45C2387D3A1004ED3E4 /* CAIDecoder.m in Sources */ = {isa = PBXBuildFile; fileRef = 4B75E3EA2387CE4E004ED3E4 /* CAIDecoder.m */; };
		4B75E45D2387D3A1004ED3E4 /* CAIPAOPManager.m in Sources */ = {isa = PBXBuildFile; fileRef = 4B75E3EB2387CE4E004ED3E4 /* CAIPAOPManager.m */; };
		4B75E45E2387D3A1004ED3E4 /* CAIProbe.m in Sources */ = {isa = PBXBuildFile; fileRef = 4B75E3EC2387CE4E004ED3E4 /* CAIProbe.m */; };
		4B75E45F2387D3A1004ED3E4 /* CAIDecoder.h in Sources */ = {isa = PBXBuildFile; fileRef = 4B75E3ED2387CE4E004ED3E4 /* CAIDecoder.h */; };
		4B75E4602387D3A1004ED3E4 /* CAIPAOPManager.h in Sources */ = {isa = PBXBuildFile; fileRef = 4B75E3EE2387CE4E004ED3E4 /* CAIPAOPManager.h */; };
		4B75E4612387D3A1004ED3E4 /* CAIProbeDelegate.h in Sources */ = {isa = PBXBuildFile; fileRef = 4B75E3DA2387CE4E004ED3E4 /* CAIProbeDelegate.h */; };
		4B75E4622387D3D1004ED3E4 /* CAIProbe.h in Headers */ = {isa = PBXBuildFile; fileRef = 4B75E3E92387CE4E004ED3E4 /* CAIProbe.h */; settings = {ATTRIBUTES = (Public, ); }; };
		4B75E4632387D3D1004ED3E4 /* CAIPEvent.h in Headers */ = {isa = PBXBuildFile; fileRef = 4B75E3DE2387CE4E004ED3E4 /* CAIPEvent.h */; settings = {ATTRIBUTES = (Public, ); }; };
		4B75E4642387D3D1004ED3E4 /* CAIPKeyPath.h in Headers */ = {isa = PBXBuildFile; fileRef = 4B75E3E02387CE4E004ED3E4 /* CAIPKeyPath.h */; settings = {ATTRIBUTES = (Public, ); }; };
		4B75E4652387D3D1004ED3E4 /* CAIPKeyPathParser.h in Headers */ = {isa = PBXBuildFile; fileRef = 4B75E3E22387CE4E004ED3E4 /* CAIPKeyPathParser.h */; settings = {ATTRIBUTES = (Public, ); }; };
		4B75E4662387D3D1004ED3E4 /* CAIPModel.h in Headers */ = {isa = PBXBuildFile; fileRef = 4B75E3E42387CE4E004ED3E4 /* CAIPModel.h */; settings = {ATTRIBUTES = (Public, ); }; };
		4B75E4672387D3D1004ED3E4 /* CAIPLog.h in Headers */ = {isa = PBXBuildFile; fileRef = 4B75E3E62387CE4E004ED3E4 /* CAIPLog.h */; settings = {ATTRIBUTES = (Public, ); }; };
		4B75E4682387D3D1004ED3E4 /* CAIPPlan.h in Headers */ = {isa = PBXBuildFile; fileRef = 4B75E3E72387CE4E004ED3E4 /* CAIPPlan.h */; settings = {ATTRIBUTES = (Public, ); }; };
		4B75E4692387D3D1004ED3E4 /* CAIProbeUtils.h in Headers */ = {isa = PBXBuildFile; fileRef = 4B75E4052387CF96004ED3E4 /* CAIProbeUtils.h */; };
		4B75E46A2387D3D1004ED3E4 /* CAIDecoder.h in Headers */ = {isa = PBXBuildFile; fileRef = 4B75E3ED2387CE4E004ED3E4 /* CAIDecoder.h */; };
		4B75E46B2387D3D1004ED3E4 /* CAIPAOPManager.h in Headers */ = {isa = PBXBuildFile; fileRef = 4B75E3EE2387CE4E004ED3E4 /* CAIPAOPManager.h */; };
		4B75E46C2387D3D2004ED3E4 /* CAIProbeDelegate.h in Headers */ = {isa = PBXBuildFile; fileRef = 4B75E3DA2387CE4E004ED3E4 /* CAIProbeDelegate.h */; settings = {ATTRIBUTES = (Public, ); }; };
		4B75E46E2387D423004ED3E4 /* Aspects.framework in Frameworks */ = {isa = PBXBuildFile; fileRef = 4B75E3D72387CDCB004ED3E4 /* Aspects.framework */; };
		4B75E46F2387D555004ED3E4 /* CAIProbe.h in Headers */ = {isa = PBXBuildFile; fileRef = 4B75E3E92387CE4E004ED3E4 /* CAIProbe.h */; settings = {ATTRIBUTES = (Public, ); }; };
		4B75E4702387D555004ED3E4 /* CAIPEvent.h in Headers */ = {isa = PBXBuildFile; fileRef = 4B75E3DE2387CE4E004ED3E4 /* CAIPEvent.h */; settings = {ATTRIBUTES = (Public, ); }; };
		4B75E4712387D555004ED3E4 /* CAIPKeyPath.h in Headers */ = {isa = PBXBuildFile; fileRef = 4B75E3E02387CE4E004ED3E4 /* CAIPKeyPath.h */; settings = {ATTRIBUTES = (Public, ); }; };
		4B75E4722387D555004ED3E4 /* CAIPKeyPathParser.h in Headers */ = {isa = PBXBuildFile; fileRef = 4B75E3E22387CE4E004ED3E4 /* CAIPKeyPathParser.h */; settings = {ATTRIBUTES = (Public, ); }; };
		4B75E4732387D555004ED3E4 /* CAIPModel.h in Headers */ = {isa = PBXBuildFile; fileRef = 4B75E3E42387CE4E004ED3E4 /* CAIPModel.h */; settings = {ATTRIBUTES = (Public, ); }; };
		4B75E4742387D555004ED3E4 /* CAIPLog.h in Headers */ = {isa = PBXBuildFile; fileRef = 4B75E3E62387CE4E004ED3E4 /* CAIPLog.h */; settings = {ATTRIBUTES = (Public, ); }; };
		4B75E4752387D555004ED3E4 /* CAIPPlan.h in Headers */ = {isa = PBXBuildFile; fileRef = 4B75E3E72387CE4E004ED3E4 /* CAIPPlan.h */; settings = {ATTRIBUTES = (Public, ); }; };
		4B75E4762387D555004ED3E4 /* CAIProbeUtils.h in Headers */ = {isa = PBXBuildFile; fileRef = 4B75E4052387CF96004ED3E4 /* CAIProbeUtils.h */; };
		4B75E4772387D555004ED3E4 /* CAIDecoder.h in Headers */ = {isa = PBXBuildFile; fileRef = 4B75E3ED2387CE4E004ED3E4 /* CAIDecoder.h */; };
		4B75E4782387D555004ED3E4 /* CAIPAOPManager.h in Headers */ = {isa = PBXBuildFile; fileRef = 4B75E3EE2387CE4E004ED3E4 /* CAIPAOPManager.h */; };
		4B75E4792387D555004ED3E4 /* CAIProbeDelegate.h in Headers */ = {isa = PBXBuildFile; fileRef = 4B75E3DA2387CE4E004ED3E4 /* CAIProbeDelegate.h */; settings = {ATTRIBUTES = (Public, ); }; };
		4B75E47A2387D579004ED3E4 /* CAIPKeyPathParser.m in Sources */ = {isa = PBXBuildFile; fileRef = 4B75E3DC2387CE4E004ED3E4 /* CAIPKeyPathParser.m */; };
		4B75E47B2387D579004ED3E4 /* CAIPModel.m in Sources */ = {isa = PBXBuildFile; fileRef = 4B75E3DD2387CE4E004ED3E4 /* CAIPModel.m */; };
		4B75E47C2387D579004ED3E4 /* CAIPLog.m in Sources */ = {isa = PBXBuildFile; fileRef = 4B75E3DF2387CE4E004ED3E4 /* CAIPLog.m */; };
		4B75E47D2387D579004ED3E4 /* CAIPPlan.m in Sources */ = {isa = PBXBuildFile; fileRef = 4B75E3E12387CE4E004ED3E4 /* CAIPPlan.m */; };
		4B75E47E2387D579004ED3E4 /* CAIPEvent.m in Sources */ = {isa = PBXBuildFile; fileRef = 4B75E3E32387CE4E004ED3E4 /* CAIPEvent.m */; };
		4B75E47F2387D579004ED3E4 /* CAIPModel.h in Sources */ = {isa = PBXBuildFile; fileRef = 4B75E3E42387CE4E004ED3E4 /* CAIPModel.h */; };
		4B75E4802387D579004ED3E4 /* CAIPKeyPath.m in Sources */ = {isa = PBXBuildFile; fileRef = 4B75E3E52387CE4E004ED3E4 /* CAIPKeyPath.m */; };
		4B75E4812387D579004ED3E4 /* CAIProbeUtils.m in Sources */ = {isa = PBXBuildFile; fileRef = 4B75E4042387CF96004ED3E4 /* CAIProbeUtils.m */; };
		4B75E4822387D579004ED3E4 /* CAIDecoder.m in Sources */ = {isa = PBXBuildFile; fileRef = 4B75E3EA2387CE4E004ED3E4 /* CAIDecoder.m */; };
		4B75E4832387D579004ED3E4 /* CAIPAOPManager.m in Sources */ = {isa = PBXBuildFile; fileRef = 4B75E3EB2387CE4E004ED3E4 /* CAIPAOPManager.m */; };
		4B75E4842387D579004ED3E4 /* CAIProbe.m in Sources */ = {isa = PBXBuildFile; fileRef = 4B75E3EC2387CE4E004ED3E4 /* CAIProbe.m */; };
		4B75E4852387D57A004ED3E4 /* CAIPAOPManager.h in Sources */ = {isa = PBXBuildFile; fileRef = 4B75E3EE2387CE4E004ED3E4 /* CAIPAOPManager.h */; };
		4B75E4862387D581004ED3E4 /* Aspects.framework in Frameworks */ = {isa = PBXBuildFile; fileRef = 4B75E3D72387CDCB004ED3E4 /* Aspects.framework */; };
		4B75E4872387D5B9004ED3E4 /* CAIProbe.h in Headers */ = {isa = PBXBuildFile; fileRef = 4B75E3E92387CE4E004ED3E4 /* CAIProbe.h */; settings = {ATTRIBUTES = (Public, ); }; };
		4B75E4882387D5B9004ED3E4 /* CAIPEvent.h in Headers */ = {isa = PBXBuildFile; fileRef = 4B75E3DE2387CE4E004ED3E4 /* CAIPEvent.h */; settings = {ATTRIBUTES = (Public, ); }; };
		4B75E4892387D5B9004ED3E4 /* CAIPKeyPath.h in Headers */ = {isa = PBXBuildFile; fileRef = 4B75E3E02387CE4E004ED3E4 /* CAIPKeyPath.h */; settings = {ATTRIBUTES = (Public, ); }; };
		4B75E48A2387D5B9004ED3E4 /* CAIPKeyPathParser.h in Headers */ = {isa = PBXBuildFile; fileRef = 4B75E3E22387CE4E004ED3E4 /* CAIPKeyPathParser.h */; settings = {ATTRIBUTES = (Public, ); }; };
		4B75E48B2387D5B9004ED3E4 /* CAIPModel.h in Headers */ = {isa = PBXBuildFile; fileRef = 4B75E3E42387CE4E004ED3E4 /* CAIPModel.h */; settings = {ATTRIBUTES = (Public, ); }; };
		4B75E48C2387D5B9004ED3E4 /* CAIPLog.h in Headers */ = {isa = PBXBuildFile; fileRef = 4B75E3E62387CE4E004ED3E4 /* CAIPLog.h */; settings = {ATTRIBUTES = (Public, ); }; };
		4B75E48D2387D5B9004ED3E4 /* CAIPPlan.h in Headers */ = {isa = PBXBuildFile; fileRef = 4B75E3E72387CE4E004ED3E4 /* CAIPPlan.h */; settings = {ATTRIBUTES = (Public, ); }; };
		4B75E48E2387D5B9004ED3E4 /* CAIProbeUtils.h in Headers */ = {isa = PBXBuildFile; fileRef = 4B75E4052387CF96004ED3E4 /* CAIProbeUtils.h */; };
		4B75E48F2387D5B9004ED3E4 /* CAIDecoder.h in Headers */ = {isa = PBXBuildFile; fileRef = 4B75E3ED2387CE4E004ED3E4 /* CAIDecoder.h */; };
		4B75E4902387D5B9004ED3E4 /* CAIPAOPManager.h in Headers */ = {isa = PBXBuildFile; fileRef = 4B75E3EE2387CE4E004ED3E4 /* CAIPAOPManager.h */; };
		4B75E4912387D5B9004ED3E4 /* CAIProbeDelegate.h in Headers */ = {isa = PBXBuildFile; fileRef = 4B75E3DA2387CE4E004ED3E4 /* CAIProbeDelegate.h */; settings = {ATTRIBUTES = (Public, ); }; };
		4B75E4922387D5D7004ED3E4 /* CAIPKeyPathParser.m in Sources */ = {isa = PBXBuildFile; fileRef = 4B75E3DC2387CE4E004ED3E4 /* CAIPKeyPathParser.m */; };
		4B75E4932387D5D7004ED3E4 /* CAIPModel.m in Sources */ = {isa = PBXBuildFile; fileRef = 4B75E3DD2387CE4E004ED3E4 /* CAIPModel.m */; };
		4B75E4942387D5D7004ED3E4 /* CAIPLog.m in Sources */ = {isa = PBXBuildFile; fileRef = 4B75E3DF2387CE4E004ED3E4 /* CAIPLog.m */; };
		4B75E4952387D5D7004ED3E4 /* CAIPPlan.m in Sources */ = {isa = PBXBuildFile; fileRef = 4B75E3E12387CE4E004ED3E4 /* CAIPPlan.m */; };
		4B75E4962387D5D7004ED3E4 /* CAIPEvent.m in Sources */ = {isa = PBXBuildFile; fileRef = 4B75E3E32387CE4E004ED3E4 /* CAIPEvent.m */; };
		4B75E4972387D5D7004ED3E4 /* CAIPKeyPath.m in Sources */ = {isa = PBXBuildFile; fileRef = 4B75E3E52387CE4E004ED3E4 /* CAIPKeyPath.m */; };
		4B75E4982387D5D7004ED3E4 /* CAIProbeUtils.m in Sources */ = {isa = PBXBuildFile; fileRef = 4B75E4042387CF96004ED3E4 /* CAIProbeUtils.m */; };
		4B75E4992387D5D7004ED3E4 /* CAIDecoder.m in Sources */ = {isa = PBXBuildFile; fileRef = 4B75E3EA2387CE4E004ED3E4 /* CAIDecoder.m */; };
		4B75E49A2387D5D7004ED3E4 /* CAIPAOPManager.m in Sources */ = {isa = PBXBuildFile; fileRef = 4B75E3EB2387CE4E004ED3E4 /* CAIPAOPManager.m */; };
		4B75E49B2387D5D7004ED3E4 /* CAIProbe.m in Sources */ = {isa = PBXBuildFile; fileRef = 4B75E3EC2387CE4E004ED3E4 /* CAIProbe.m */; };
		4B75E49C2387D5E2004ED3E4 /* Aspects.framework in Frameworks */ = {isa = PBXBuildFile; fileRef = 4B75E3D72387CDCB004ED3E4 /* Aspects.framework */; };
/* End PBXBuildFile section */

/* Begin PBXContainerItemProxy section */
		4B75E3C72387CD93004ED3E4 /* PBXContainerItemProxy */ = {
			isa = PBXContainerItemProxy;
			containerPortal = 4B75E3B32387CD93004ED3E4 /* Project object */;
			proxyType = 1;
			remoteGlobalIDString = 4B75E3BB2387CD93004ED3E4;
			remoteInfo = CAIProbe;
		};
		4B75E4242387D2A1004ED3E4 /* PBXContainerItemProxy */ = {
			isa = PBXContainerItemProxy;
			containerPortal = 4B75E3B32387CD93004ED3E4 /* Project object */;
			proxyType = 1;
			remoteGlobalIDString = 4B75E4192387D2A1004ED3E4;
			remoteInfo = CAIProbe_tvOS;
		};
		4B75E4402387D2BC004ED3E4 /* PBXContainerItemProxy */ = {
			isa = PBXContainerItemProxy;
			containerPortal = 4B75E3B32387CD93004ED3E4 /* Project object */;
			proxyType = 1;
			remoteGlobalIDString = 4B75E4352387D2BC004ED3E4;
			remoteInfo = CAIProbe_macOS;
		};
/* End PBXContainerItemProxy section */

/* Begin PBXFileReference section */
		4B75E3BC2387CD93004ED3E4 /* CAIProbe.framework */ = {isa = PBXFileReference; explicitFileType = wrapper.framework; includeInIndex = 0; path = CAIProbe.framework; sourceTree = BUILT_PRODUCTS_DIR; };
		4B75E3C02387CD93004ED3E4 /* Info.plist */ = {isa = PBXFileReference; lastKnownFileType = text.plist.xml; path = Info.plist; sourceTree = "<group>"; };
		4B75E3C52387CD93004ED3E4 /* CAIProbeTests.xctest */ = {isa = PBXFileReference; explicitFileType = wrapper.cfbundle; includeInIndex = 0; path = CAIProbeTests.xctest; sourceTree = BUILT_PRODUCTS_DIR; };
		4B75E3CA2387CD93004ED3E4 /* CAIProbeTests.m */ = {isa = PBXFileReference; lastKnownFileType = sourcecode.c.objc; path = CAIProbeTests.m; sourceTree = "<group>"; };
		4B75E3CC2387CD93004ED3E4 /* Info.plist */ = {isa = PBXFileReference; lastKnownFileType = text.plist.xml; path = Info.plist; sourceTree = "<group>"; };
		4B75E3D72387CDCB004ED3E4 /* Aspects.framework */ = {isa = PBXFileReference; lastKnownFileType = wrapper.framework; path = Aspects.framework; sourceTree = "<group>"; };
		4B75E3DA2387CE4E004ED3E4 /* CAIProbeDelegate.h */ = {isa = PBXFileReference; fileEncoding = 4; lastKnownFileType = sourcecode.c.h; path = CAIProbeDelegate.h; sourceTree = "<group>"; };
		4B75E3DC2387CE4E004ED3E4 /* CAIPKeyPathParser.m */ = {isa = PBXFileReference; fileEncoding = 4; lastKnownFileType = sourcecode.c.objc; path = CAIPKeyPathParser.m; sourceTree = "<group>"; };
		4B75E3DD2387CE4E004ED3E4 /* CAIPModel.m */ = {isa = PBXFileReference; fileEncoding = 4; lastKnownFileType = sourcecode.c.objc; path = CAIPModel.m; sourceTree = "<group>"; };
		4B75E3DE2387CE4E004ED3E4 /* CAIPEvent.h */ = {isa = PBXFileReference; fileEncoding = 4; lastKnownFileType = sourcecode.c.h; path = CAIPEvent.h; sourceTree = "<group>"; };
		4B75E3DF2387CE4E004ED3E4 /* CAIPLog.m */ = {isa = PBXFileReference; fileEncoding = 4; lastKnownFileType = sourcecode.c.objc; path = CAIPLog.m; sourceTree = "<group>"; };
		4B75E3E02387CE4E004ED3E4 /* CAIPKeyPath.h */ = {isa = PBXFileReference; fileEncoding = 4; lastKnownFileType = sourcecode.c.h; path = CAIPKeyPath.h; sourceTree = "<group>"; };
		4B75E3E12387CE4E004ED3E4 /* CAIPPlan.m */ = {isa = PBXFileReference; fileEncoding = 4; lastKnownFileType = sourcecode.c.objc; path = CAIPPlan.m; sourceTree = "<group>"; };
		4B75E3E22387CE4E004ED3E4 /* CAIPKeyPathParser.h */ = {isa = PBXFileReference; fileEncoding = 4; lastKnownFileType = sourcecode.c.h; path = CAIPKeyPathParser.h; sourceTree = "<group>"; };
		4B75E3E32387CE4E004ED3E4 /* CAIPEvent.m */ = {isa = PBXFileReference; fileEncoding = 4; lastKnownFileType = sourcecode.c.objc; path = CAIPEvent.m; sourceTree = "<group>"; };
		4B75E3E42387CE4E004ED3E4 /* CAIPModel.h */ = {isa = PBXFileReference; fileEncoding = 4; lastKnownFileType = sourcecode.c.h; path = CAIPModel.h; sourceTree = "<group>"; };
		4B75E3E52387CE4E004ED3E4 /* CAIPKeyPath.m */ = {isa = PBXFileReference; fileEncoding = 4; lastKnownFileType = sourcecode.c.objc; path = CAIPKeyPath.m; sourceTree = "<group>"; };
		4B75E3E62387CE4E004ED3E4 /* CAIPLog.h */ = {isa = PBXFileReference; fileEncoding = 4; lastKnownFileType = sourcecode.c.h; path = CAIPLog.h; sourceTree = "<group>"; };
		4B75E3E72387CE4E004ED3E4 /* CAIPPlan.h */ = {isa = PBXFileReference; fileEncoding = 4; lastKnownFileType = sourcecode.c.h; path = CAIPPlan.h; sourceTree = "<group>"; };
		4B75E3E92387CE4E004ED3E4 /* CAIProbe.h */ = {isa = PBXFileReference; fileEncoding = 4; lastKnownFileType = sourcecode.c.h; name = CAIProbe.h; path = Probe/CAIProbe.h; sourceTree = "<group>"; };
		4B75E3EA2387CE4E004ED3E4 /* CAIDecoder.m */ = {isa = PBXFileReference; fileEncoding = 4; lastKnownFileType = sourcecode.c.objc; path = CAIDecoder.m; sourceTree = "<group>"; };
		4B75E3EB2387CE4E004ED3E4 /* CAIPAOPManager.m */ = {isa = PBXFileReference; fileEncoding = 4; lastKnownFileType = sourcecode.c.objc; path = CAIPAOPManager.m; sourceTree = "<group>"; };
		4B75E3EC2387CE4E004ED3E4 /* CAIProbe.m */ = {isa = PBXFileReference; fileEncoding = 4; lastKnownFileType = sourcecode.c.objc; path = CAIProbe.m; sourceTree = "<group>"; };
		4B75E3ED2387CE4E004ED3E4 /* CAIDecoder.h */ = {isa = PBXFileReference; fileEncoding = 4; lastKnownFileType = sourcecode.c.h; path = CAIDecoder.h; sourceTree = "<group>"; };
		4B75E3EE2387CE4E004ED3E4 /* CAIPAOPManager.h */ = {isa = PBXFileReference; fileEncoding = 4; lastKnownFileType = sourcecode.c.h; path = CAIPAOPManager.h; sourceTree = "<group>"; };
		4B75E4042387CF96004ED3E4 /* CAIProbeUtils.m */ = {isa = PBXFileReference; fileEncoding = 4; lastKnownFileType = sourcecode.c.objc; path = CAIProbeUtils.m; sourceTree = "<group>"; };
		4B75E4052387CF96004ED3E4 /* CAIProbeUtils.h */ = {isa = PBXFileReference; fileEncoding = 4; lastKnownFileType = sourcecode.c.h; path = CAIProbeUtils.h; sourceTree = "<group>"; };
		4B75E40D2387D283004ED3E4 /* CAIProbe.framework */ = {isa = PBXFileReference; explicitFileType = wrapper.framework; includeInIndex = 0; path = CAIProbe.framework; sourceTree = BUILT_PRODUCTS_DIR; };
		4B75E40F2387D283004ED3E4 /* CAIProbe_WOS.h */ = {isa = PBXFileReference; lastKnownFileType = sourcecode.c.h; path = CAIProbe_WOS.h; sourceTree = "<group>"; };
		4B75E4102387D283004ED3E4 /* Info.plist */ = {isa = PBXFileReference; lastKnownFileType = text.plist.xml; path = Info.plist; sourceTree = "<group>"; };
		4B75E41A2387D2A1004ED3E4 /* CAIProbe.framework */ = {isa = PBXFileReference; explicitFileType = wrapper.framework; includeInIndex = 0; path = CAIProbe.framework; sourceTree = BUILT_PRODUCTS_DIR; };
		4B75E41C2387D2A1004ED3E4 /* CAIProbe_tvOS.h */ = {isa = PBXFileReference; lastKnownFileType = sourcecode.c.h; path = CAIProbe_tvOS.h; sourceTree = "<group>"; };
		4B75E41D2387D2A1004ED3E4 /* Info.plist */ = {isa = PBXFileReference; lastKnownFileType = text.plist.xml; path = Info.plist; sourceTree = "<group>"; };
		4B75E4222387D2A1004ED3E4 /* CAIProbe_tvOSTests.xctest */ = {isa = PBXFileReference; explicitFileType = wrapper.cfbundle; includeInIndex = 0; path = CAIProbe_tvOSTests.xctest; sourceTree = BUILT_PRODUCTS_DIR; };
		4B75E4272387D2A1004ED3E4 /* CAIProbe_tvOSTests.m */ = {isa = PBXFileReference; lastKnownFileType = sourcecode.c.objc; path = CAIProbe_tvOSTests.m; sourceTree = "<group>"; };
		4B75E4292387D2A1004ED3E4 /* Info.plist */ = {isa = PBXFileReference; lastKnownFileType = text.plist.xml; path = Info.plist; sourceTree = "<group>"; };
		4B75E4362387D2BC004ED3E4 /* CAIProbe.framework */ = {isa = PBXFileReference; explicitFileType = wrapper.framework; includeInIndex = 0; path = CAIProbe.framework; sourceTree = BUILT_PRODUCTS_DIR; };
		4B75E4382387D2BC004ED3E4 /* CAIProbe_macOS.h */ = {isa = PBXFileReference; lastKnownFileType = sourcecode.c.h; path = CAIProbe_macOS.h; sourceTree = "<group>"; };
		4B75E4392387D2BC004ED3E4 /* Info.plist */ = {isa = PBXFileReference; lastKnownFileType = text.plist.xml; path = Info.plist; sourceTree = "<group>"; };
		4B75E43E2387D2BC004ED3E4 /* CAIProbe_macOSTests.xctest */ = {isa = PBXFileReference; explicitFileType = wrapper.cfbundle; includeInIndex = 0; path = CAIProbe_macOSTests.xctest; sourceTree = BUILT_PRODUCTS_DIR; };
		4B75E4432387D2BC004ED3E4 /* CAIProbe_macOSTests.m */ = {isa = PBXFileReference; lastKnownFileType = sourcecode.c.objc; path = CAIProbe_macOSTests.m; sourceTree = "<group>"; };
		4B75E4452387D2BC004ED3E4 /* Info.plist */ = {isa = PBXFileReference; lastKnownFileType = text.plist.xml; path = Info.plist; sourceTree = "<group>"; };
/* End PBXFileReference section */

/* Begin PBXFrameworksBuildPhase section */
		4B75E3B92387CD93004ED3E4 /* Frameworks */ = {
			isa = PBXFrameworksBuildPhase;
			buildActionMask = 2147483647;
			files = (
				4B75E4032387CEA4004ED3E4 /* Aspects.framework in Frameworks */,
			);
			runOnlyForDeploymentPostprocessing = 0;
		};
		4B75E3C22387CD93004ED3E4 /* Frameworks */ = {
			isa = PBXFrameworksBuildPhase;
			buildActionMask = 2147483647;
			files = (
				4B75E3C62387CD93004ED3E4 /* CAIProbe.framework in Frameworks */,
			);
			runOnlyForDeploymentPostprocessing = 0;
		};
		4B75E40A2387D283004ED3E4 /* Frameworks */ = {
			isa = PBXFrameworksBuildPhase;
			buildActionMask = 2147483647;
			files = (
				4B75E46E2387D423004ED3E4 /* Aspects.framework in Frameworks */,
			);
			runOnlyForDeploymentPostprocessing = 0;
		};
		4B75E4172387D2A1004ED3E4 /* Frameworks */ = {
			isa = PBXFrameworksBuildPhase;
			buildActionMask = 2147483647;
			files = (
				4B75E4862387D581004ED3E4 /* Aspects.framework in Frameworks */,
			);
			runOnlyForDeploymentPostprocessing = 0;
		};
		4B75E41F2387D2A1004ED3E4 /* Frameworks */ = {
			isa = PBXFrameworksBuildPhase;
			buildActionMask = 2147483647;
			files = (
				4B75E4232387D2A1004ED3E4 /* CAIProbe.framework in Frameworks */,
			);
			runOnlyForDeploymentPostprocessing = 0;
		};
		4B75E4332387D2BC004ED3E4 /* Frameworks */ = {
			isa = PBXFrameworksBuildPhase;
			buildActionMask = 2147483647;
			files = (
				4B75E49C2387D5E2004ED3E4 /* Aspects.framework in Frameworks */,
			);
			runOnlyForDeploymentPostprocessing = 0;
		};
		4B75E43B2387D2BC004ED3E4 /* Frameworks */ = {
			isa = PBXFrameworksBuildPhase;
			buildActionMask = 2147483647;
			files = (
				4B75E43F2387D2BC004ED3E4 /* CAIProbe.framework in Frameworks */,
			);
			runOnlyForDeploymentPostprocessing = 0;
		};
/* End PBXFrameworksBuildPhase section */

/* Begin PBXGroup section */
		4B75E3B22387CD93004ED3E4 = {
			isa = PBXGroup;
			children = (
				4B75E3D62387CDCB004ED3E4 /* framework */,
				4B75E3BE2387CD93004ED3E4 /* CAIProbe */,
				4B75E3C92387CD93004ED3E4 /* CAIProbeTests */,
				4B75E40E2387D283004ED3E4 /* CAIProbe-WOS */,
				4B75E41B2387D2A1004ED3E4 /* CAIProbe_tvOS */,
				4B75E4262387D2A1004ED3E4 /* CAIProbe_tvOSTests */,
				4B75E4372387D2BC004ED3E4 /* CAIProbe_macOS */,
				4B75E4422387D2BC004ED3E4 /* CAIProbe_macOSTests */,
				4B75E3BD2387CD93004ED3E4 /* Products */,
				4B75E46D2387D423004ED3E4 /* Frameworks */,
			);
			sourceTree = "<group>";
		};
		4B75E3BD2387CD93004ED3E4 /* Products */ = {
			isa = PBXGroup;
			children = (
				4B75E3BC2387CD93004ED3E4 /* CAIProbe.framework */,
				4B75E3C52387CD93004ED3E4 /* CAIProbeTests.xctest */,
				4B75E40D2387D283004ED3E4 /* CAIProbe.framework */,
				4B75E41A2387D2A1004ED3E4 /* CAIProbe.framework */,
				4B75E4222387D2A1004ED3E4 /* CAIProbe_tvOSTests.xctest */,
				4B75E4362387D2BC004ED3E4 /* CAIProbe.framework */,
				4B75E43E2387D2BC004ED3E4 /* CAIProbe_macOSTests.xctest */,
			);
			name = Products;
			sourceTree = "<group>";
		};
		4B75E3BE2387CD93004ED3E4 /* CAIProbe */ = {
			isa = PBXGroup;
			children = (
				4B75E3E92387CE4E004ED3E4 /* CAIProbe.h */,
				4B75E3DB2387CE4E004ED3E4 /* Model */,
				4B75E3E82387CE4E004ED3E4 /* Probe */,
				4B75E3D92387CE4E004ED3E4 /* Protocol */,
				4B75E3C02387CD93004ED3E4 /* Info.plist */,
			);
			path = CAIProbe;
			sourceTree = "<group>";
		};
		4B75E3C92387CD93004ED3E4 /* CAIProbeTests */ = {
			isa = PBXGroup;
			children = (
				4B75E3CA2387CD93004ED3E4 /* CAIProbeTests.m */,
				4B75E3CC2387CD93004ED3E4 /* Info.plist */,
			);
			path = CAIProbeTests;
			sourceTree = "<group>";
		};
		4B75E3D62387CDCB004ED3E4 /* framework */ = {
			isa = PBXGroup;
			children = (
				4B75E3D72387CDCB004ED3E4 /* Aspects.framework */,
			);
			path = framework;
			sourceTree = "<group>";
		};
		4B75E3D92387CE4E004ED3E4 /* Protocol */ = {
			isa = PBXGroup;
			children = (
				4B75E3DA2387CE4E004ED3E4 /* CAIProbeDelegate.h */,
			);
			path = Protocol;
			sourceTree = "<group>";
		};
		4B75E3DB2387CE4E004ED3E4 /* Model */ = {
			isa = PBXGroup;
			children = (
				4B75E3DC2387CE4E004ED3E4 /* CAIPKeyPathParser.m */,
				4B75E3DD2387CE4E004ED3E4 /* CAIPModel.m */,
				4B75E3DE2387CE4E004ED3E4 /* CAIPEvent.h */,
				4B75E3DF2387CE4E004ED3E4 /* CAIPLog.m */,
				4B75E3E02387CE4E004ED3E4 /* CAIPKeyPath.h */,
				4B75E3E12387CE4E004ED3E4 /* CAIPPlan.m */,
				4B75E3E22387CE4E004ED3E4 /* CAIPKeyPathParser.h */,
				4B75E3E32387CE4E004ED3E4 /* CAIPEvent.m */,
				4B75E3E42387CE4E004ED3E4 /* CAIPModel.h */,
				4B75E3E52387CE4E004ED3E4 /* CAIPKeyPath.m */,
				4B75E3E62387CE4E004ED3E4 /* CAIPLog.h */,
				4B75E3E72387CE4E004ED3E4 /* CAIPPlan.h */,
			);
			path = Model;
			sourceTree = "<group>";
		};
		4B75E3E82387CE4E004ED3E4 /* Probe */ = {
			isa = PBXGroup;
			children = (
				4B75E4052387CF96004ED3E4 /* CAIProbeUtils.h */,
				4B75E4042387CF96004ED3E4 /* CAIProbeUtils.m */,
				4B75E3EA2387CE4E004ED3E4 /* CAIDecoder.m */,
				4B75E3EB2387CE4E004ED3E4 /* CAIPAOPManager.m */,
				4B75E3EC2387CE4E004ED3E4 /* CAIProbe.m */,
				4B75E3ED2387CE4E004ED3E4 /* CAIDecoder.h */,
				4B75E3EE2387CE4E004ED3E4 /* CAIPAOPManager.h */,
			);
			path = Probe;
			sourceTree = "<group>";
		};
		4B75E40E2387D283004ED3E4 /* CAIProbe-WOS */ = {
			isa = PBXGroup;
			children = (
				4B75E40F2387D283004ED3E4 /* CAIProbe_WOS.h */,
				4B75E4102387D283004ED3E4 /* Info.plist */,
			);
			path = "CAIProbe-WOS";
			sourceTree = "<group>";
		};
		4B75E41B2387D2A1004ED3E4 /* CAIProbe_tvOS */ = {
			isa = PBXGroup;
			children = (
				4B75E41C2387D2A1004ED3E4 /* CAIProbe_tvOS.h */,
				4B75E41D2387D2A1004ED3E4 /* Info.plist */,
			);
			path = CAIProbe_tvOS;
			sourceTree = "<group>";
		};
		4B75E4262387D2A1004ED3E4 /* CAIProbe_tvOSTests */ = {
			isa = PBXGroup;
			children = (
				4B75E4272387D2A1004ED3E4 /* CAIProbe_tvOSTests.m */,
				4B75E4292387D2A1004ED3E4 /* Info.plist */,
			);
			path = CAIProbe_tvOSTests;
			sourceTree = "<group>";
		};
		4B75E4372387D2BC004ED3E4 /* CAIProbe_macOS */ = {
			isa = PBXGroup;
			children = (
				4B75E4382387D2BC004ED3E4 /* CAIProbe_macOS.h */,
				4B75E4392387D2BC004ED3E4 /* Info.plist */,
			);
			path = CAIProbe_macOS;
			sourceTree = "<group>";
		};
		4B75E4422387D2BC004ED3E4 /* CAIProbe_macOSTests */ = {
			isa = PBXGroup;
			children = (
				4B75E4432387D2BC004ED3E4 /* CAIProbe_macOSTests.m */,
				4B75E4452387D2BC004ED3E4 /* Info.plist */,
			);
			path = CAIProbe_macOSTests;
			sourceTree = "<group>";
		};
		4B75E46D2387D423004ED3E4 /* Frameworks */ = {
			isa = PBXGroup;
			children = (
			);
			name = Frameworks;
			sourceTree = "<group>";
		};
/* End PBXGroup section */

/* Begin PBXHeadersBuildPhase section */
		4B75E3B72387CD93004ED3E4 /* Headers */ = {
			isa = PBXHeadersBuildPhase;
			buildActionMask = 2147483647;
			files = (
				4B75E3FC2387CE4E004ED3E4 /* CAIProbe.h in Headers */,
				4B75E3EF2387CE4E004ED3E4 /* CAIProbeDelegate.h in Headers */,
				4B75E3F82387CE4E004ED3E4 /* CAIPModel.h in Headers */,
				4B75E3FB2387CE4E004ED3E4 /* CAIPPlan.h in Headers */,
				4B75E3F22387CE4E004ED3E4 /* CAIPEvent.h in Headers */,
				4B75E3F42387CE4E004ED3E4 /* CAIPKeyPath.h in Headers */,
				4B75E3F62387CE4E004ED3E4 /* CAIPKeyPathParser.h in Headers */,
				4B75E3FA2387CE4E004ED3E4 /* CAIPLog.h in Headers */,
				4B75E4072387CF96004ED3E4 /* CAIProbeUtils.h in Headers */,
				4B75E4002387CE4E004ED3E4 /* CAIDecoder.h in Headers */,
				4B75E4012387CE4E004ED3E4 /* CAIPAOPManager.h in Headers */,
			);
			runOnlyForDeploymentPostprocessing = 0;
		};
		4B75E4082387D283004ED3E4 /* Headers */ = {
			isa = PBXHeadersBuildPhase;
			buildActionMask = 2147483647;
			files = (
				4B75E46C2387D3D2004ED3E4 /* CAIProbeDelegate.h in Headers */,
				4B75E4622387D3D1004ED3E4 /* CAIProbe.h in Headers */,
				4B75E4632387D3D1004ED3E4 /* CAIPEvent.h in Headers */,
				4B75E4642387D3D1004ED3E4 /* CAIPKeyPath.h in Headers */,
				4B75E4652387D3D1004ED3E4 /* CAIPKeyPathParser.h in Headers */,
				4B75E4662387D3D1004ED3E4 /* CAIPModel.h in Headers */,
				4B75E4672387D3D1004ED3E4 /* CAIPLog.h in Headers */,
				4B75E4682387D3D1004ED3E4 /* CAIPPlan.h in Headers */,
				4B75E4692387D3D1004ED3E4 /* CAIProbeUtils.h in Headers */,
				4B75E46A2387D3D1004ED3E4 /* CAIDecoder.h in Headers */,
				4B75E46B2387D3D1004ED3E4 /* CAIPAOPManager.h in Headers */,
			);
			runOnlyForDeploymentPostprocessing = 0;
		};
		4B75E4152387D2A1004ED3E4 /* Headers */ = {
			isa = PBXHeadersBuildPhase;
			buildActionMask = 2147483647;
			files = (
				4B75E46F2387D555004ED3E4 /* CAIProbe.h in Headers */,
				4B75E4792387D555004ED3E4 /* CAIProbeDelegate.h in Headers */,
				4B75E4702387D555004ED3E4 /* CAIPEvent.h in Headers */,
				4B75E4712387D555004ED3E4 /* CAIPKeyPath.h in Headers */,
				4B75E4722387D555004ED3E4 /* CAIPKeyPathParser.h in Headers */,
				4B75E4732387D555004ED3E4 /* CAIPModel.h in Headers */,
				4B75E4742387D555004ED3E4 /* CAIPLog.h in Headers */,
				4B75E4752387D555004ED3E4 /* CAIPPlan.h in Headers */,
				4B75E4762387D555004ED3E4 /* CAIProbeUtils.h in Headers */,
				4B75E4772387D555004ED3E4 /* CAIDecoder.h in Headers */,
				4B75E4782387D555004ED3E4 /* CAIPAOPManager.h in Headers */,
			);
			runOnlyForDeploymentPostprocessing = 0;
		};
		4B75E4312387D2BC004ED3E4 /* Headers */ = {
			isa = PBXHeadersBuildPhase;
			buildActionMask = 2147483647;
			files = (
				4B75E4872387D5B9004ED3E4 /* CAIProbe.h in Headers */,
				4B75E4912387D5B9004ED3E4 /* CAIProbeDelegate.h in Headers */,
				4B75E4882387D5B9004ED3E4 /* CAIPEvent.h in Headers */,
				4B75E4892387D5B9004ED3E4 /* CAIPKeyPath.h in Headers */,
				4B75E48A2387D5B9004ED3E4 /* CAIPKeyPathParser.h in Headers */,
				4B75E48B2387D5B9004ED3E4 /* CAIPModel.h in Headers */,
				4B75E48C2387D5B9004ED3E4 /* CAIPLog.h in Headers */,
				4B75E48D2387D5B9004ED3E4 /* CAIPPlan.h in Headers */,
				4B75E48E2387D5B9004ED3E4 /* CAIProbeUtils.h in Headers */,
				4B75E48F2387D5B9004ED3E4 /* CAIDecoder.h in Headers */,
				4B75E4902387D5B9004ED3E4 /* CAIPAOPManager.h in Headers */,
			);
			runOnlyForDeploymentPostprocessing = 0;
		};
/* End PBXHeadersBuildPhase section */

/* Begin PBXNativeTarget section */
		4B75E3BB2387CD93004ED3E4 /* CAIProbe */ = {
			isa = PBXNativeTarget;
			buildConfigurationList = 4B75E3D02387CD93004ED3E4 /* Build configuration list for PBXNativeTarget "CAIProbe" */;
			buildPhases = (
				4B75E3B72387CD93004ED3E4 /* Headers */,
				4B75E3B82387CD93004ED3E4 /* Sources */,
				4B75E3B92387CD93004ED3E4 /* Frameworks */,
				4B75E3BA2387CD93004ED3E4 /* Resources */,
			);
			buildRules = (
			);
			dependencies = (
			);
			name = CAIProbe;
			productName = CAIProbe;
			productReference = 4B75E3BC2387CD93004ED3E4 /* CAIProbe.framework */;
			productType = "com.apple.product-type.framework";
		};
		4B75E3C42387CD93004ED3E4 /* CAIProbeTests */ = {
			isa = PBXNativeTarget;
			buildConfigurationList = 4B75E3D32387CD93004ED3E4 /* Build configuration list for PBXNativeTarget "CAIProbeTests" */;
			buildPhases = (
				4B75E3C12387CD93004ED3E4 /* Sources */,
				4B75E3C22387CD93004ED3E4 /* Frameworks */,
				4B75E3C32387CD93004ED3E4 /* Resources */,
			);
			buildRules = (
			);
			dependencies = (
				4B75E3C82387CD93004ED3E4 /* PBXTargetDependency */,
			);
			name = CAIProbeTests;
			productName = CAIProbeTests;
			productReference = 4B75E3C52387CD93004ED3E4 /* CAIProbeTests.xctest */;
			productType = "com.apple.product-type.bundle.unit-test";
		};
		4B75E40C2387D283004ED3E4 /* CAIProbe-WOS */ = {
			isa = PBXNativeTarget;
			buildConfigurationList = 4B75E4142387D283004ED3E4 /* Build configuration list for PBXNativeTarget "CAIProbe-WOS" */;
			buildPhases = (
				4B75E4082387D283004ED3E4 /* Headers */,
				4B75E4092387D283004ED3E4 /* Sources */,
				4B75E40A2387D283004ED3E4 /* Frameworks */,
				4B75E40B2387D283004ED3E4 /* Resources */,
			);
			buildRules = (
			);
			dependencies = (
			);
			name = "CAIProbe-WOS";
			productName = "CAIProbe-WOS";
			productReference = 4B75E40D2387D283004ED3E4 /* CAIProbe.framework */;
			productType = "com.apple.product-type.framework";
		};
		4B75E4192387D2A1004ED3E4 /* CAIProbe_tvOS */ = {
			isa = PBXNativeTarget;
			buildConfigurationList = 4B75E42B2387D2A1004ED3E4 /* Build configuration list for PBXNativeTarget "CAIProbe_tvOS" */;
			buildPhases = (
				4B75E4152387D2A1004ED3E4 /* Headers */,
				4B75E4162387D2A1004ED3E4 /* Sources */,
				4B75E4172387D2A1004ED3E4 /* Frameworks */,
				4B75E4182387D2A1004ED3E4 /* Resources */,
			);
			buildRules = (
			);
			dependencies = (
			);
			name = CAIProbe_tvOS;
			productName = CAIProbe_tvOS;
			productReference = 4B75E41A2387D2A1004ED3E4 /* CAIProbe.framework */;
			productType = "com.apple.product-type.framework";
		};
		4B75E4212387D2A1004ED3E4 /* CAIProbe_tvOSTests */ = {
			isa = PBXNativeTarget;
			buildConfigurationList = 4B75E42E2387D2A1004ED3E4 /* Build configuration list for PBXNativeTarget "CAIProbe_tvOSTests" */;
			buildPhases = (
				4B75E41E2387D2A1004ED3E4 /* Sources */,
				4B75E41F2387D2A1004ED3E4 /* Frameworks */,
				4B75E4202387D2A1004ED3E4 /* Resources */,
			);
			buildRules = (
			);
			dependencies = (
				4B75E4252387D2A1004ED3E4 /* PBXTargetDependency */,
			);
			name = CAIProbe_tvOSTests;
			productName = CAIProbe_tvOSTests;
			productReference = 4B75E4222387D2A1004ED3E4 /* CAIProbe_tvOSTests.xctest */;
			productType = "com.apple.product-type.bundle.unit-test";
		};
		4B75E4352387D2BC004ED3E4 /* CAIProbe_macOS */ = {
			isa = PBXNativeTarget;
			buildConfigurationList = 4B75E4472387D2BC004ED3E4 /* Build configuration list for PBXNativeTarget "CAIProbe_macOS" */;
			buildPhases = (
				4B75E4312387D2BC004ED3E4 /* Headers */,
				4B75E4322387D2BC004ED3E4 /* Sources */,
				4B75E4332387D2BC004ED3E4 /* Frameworks */,
				4B75E4342387D2BC004ED3E4 /* Resources */,
			);
			buildRules = (
			);
			dependencies = (
			);
			name = CAIProbe_macOS;
			productName = CAIProbe_macOS;
			productReference = 4B75E4362387D2BC004ED3E4 /* CAIProbe.framework */;
			productType = "com.apple.product-type.framework";
		};
		4B75E43D2387D2BC004ED3E4 /* CAIProbe_macOSTests */ = {
			isa = PBXNativeTarget;
			buildConfigurationList = 4B75E44A2387D2BC004ED3E4 /* Build configuration list for PBXNativeTarget "CAIProbe_macOSTests" */;
			buildPhases = (
				4B75E43A2387D2BC004ED3E4 /* Sources */,
				4B75E43B2387D2BC004ED3E4 /* Frameworks */,
				4B75E43C2387D2BC004ED3E4 /* Resources */,
			);
			buildRules = (
			);
			dependencies = (
				4B75E4412387D2BC004ED3E4 /* PBXTargetDependency */,
			);
			name = CAIProbe_macOSTests;
			productName = CAIProbe_macOSTests;
			productReference = 4B75E43E2387D2BC004ED3E4 /* CAIProbe_macOSTests.xctest */;
			productType = "com.apple.product-type.bundle.unit-test";
		};
/* End PBXNativeTarget section */

/* Begin PBXProject section */
		4B75E3B32387CD93004ED3E4 /* Project object */ = {
			isa = PBXProject;
			attributes = {
				LastUpgradeCheck = 1110;
				ORGANIZATIONNAME = "李玉峰";
				TargetAttributes = {
					4B75E3BB2387CD93004ED3E4 = {
						CreatedOnToolsVersion = 11.1;
					};
					4B75E3C42387CD93004ED3E4 = {
						CreatedOnToolsVersion = 11.1;
					};
					4B75E40C2387D283004ED3E4 = {
						CreatedOnToolsVersion = 11.1;
					};
					4B75E4192387D2A1004ED3E4 = {
						CreatedOnToolsVersion = 11.1;
					};
					4B75E4212387D2A1004ED3E4 = {
						CreatedOnToolsVersion = 11.1;
					};
					4B75E4352387D2BC004ED3E4 = {
						CreatedOnToolsVersion = 11.1;
					};
					4B75E43D2387D2BC004ED3E4 = {
						CreatedOnToolsVersion = 11.1;
					};
				};
			};
			buildConfigurationList = 4B75E3B62387CD93004ED3E4 /* Build configuration list for PBXProject "CAIProbe" */;
			compatibilityVersion = "Xcode 9.3";
			developmentRegion = en;
			hasScannedForEncodings = 0;
			knownRegions = (
				en,
				Base,
			);
			mainGroup = 4B75E3B22387CD93004ED3E4;
			productRefGroup = 4B75E3BD2387CD93004ED3E4 /* Products */;
			projectDirPath = "";
			projectRoot = "";
			targets = (
				4B75E3BB2387CD93004ED3E4 /* CAIProbe */,
				4B75E3C42387CD93004ED3E4 /* CAIProbeTests */,
				4B75E40C2387D283004ED3E4 /* CAIProbe-WOS */,
				4B75E4192387D2A1004ED3E4 /* CAIProbe_tvOS */,
				4B75E4212387D2A1004ED3E4 /* CAIProbe_tvOSTests */,
				4B75E4352387D2BC004ED3E4 /* CAIProbe_macOS */,
				4B75E43D2387D2BC004ED3E4 /* CAIProbe_macOSTests */,
			);
		};
/* End PBXProject section */

/* Begin PBXResourcesBuildPhase section */
		4B75E3BA2387CD93004ED3E4 /* Resources */ = {
			isa = PBXResourcesBuildPhase;
			buildActionMask = 2147483647;
			files = (
			);
			runOnlyForDeploymentPostprocessing = 0;
		};
		4B75E3C32387CD93004ED3E4 /* Resources */ = {
			isa = PBXResourcesBuildPhase;
			buildActionMask = 2147483647;
			files = (
			);
			runOnlyForDeploymentPostprocessing = 0;
		};
		4B75E40B2387D283004ED3E4 /* Resources */ = {
			isa = PBXResourcesBuildPhase;
			buildActionMask = 2147483647;
			files = (
			);
			runOnlyForDeploymentPostprocessing = 0;
		};
		4B75E4182387D2A1004ED3E4 /* Resources */ = {
			isa = PBXResourcesBuildPhase;
			buildActionMask = 2147483647;
			files = (
			);
			runOnlyForDeploymentPostprocessing = 0;
		};
		4B75E4202387D2A1004ED3E4 /* Resources */ = {
			isa = PBXResourcesBuildPhase;
			buildActionMask = 2147483647;
			files = (
			);
			runOnlyForDeploymentPostprocessing = 0;
		};
		4B75E4342387D2BC004ED3E4 /* Resources */ = {
			isa = PBXResourcesBuildPhase;
			buildActionMask = 2147483647;
			files = (
			);
			runOnlyForDeploymentPostprocessing = 0;
		};
		4B75E43C2387D2BC004ED3E4 /* Resources */ = {
			isa = PBXResourcesBuildPhase;
			buildActionMask = 2147483647;
			files = (
			);
			runOnlyForDeploymentPostprocessing = 0;
		};
/* End PBXResourcesBuildPhase section */

/* Begin PBXSourcesBuildPhase section */
		4B75E3B82387CD93004ED3E4 /* Sources */ = {
			isa = PBXSourcesBuildPhase;
			buildActionMask = 2147483647;
			files = (
				4B75E3F32387CE4E004ED3E4 /* CAIPLog.m in Sources */,
				4B75E3F72387CE4E004ED3E4 /* CAIPEvent.m in Sources */,
				4B75E3F52387CE4E004ED3E4 /* CAIPPlan.m in Sources */,
				4B75E3FE2387CE4E004ED3E4 /* CAIPAOPManager.m in Sources */,
				4B75E3F12387CE4E004ED3E4 /* CAIPModel.m in Sources */,
				4B75E3FF2387CE4E004ED3E4 /* CAIProbe.m in Sources */,
				4B75E3F02387CE4E004ED3E4 /* CAIPKeyPathParser.m in Sources */,
				4B75E3FD2387CE4E004ED3E4 /* CAIDecoder.m in Sources */,
				4B75E4062387CF96004ED3E4 /* CAIProbeUtils.m in Sources */,
				4B75E3F92387CE4E004ED3E4 /* CAIPKeyPath.m in Sources */,
			);
			runOnlyForDeploymentPostprocessing = 0;
		};
		4B75E3C12387CD93004ED3E4 /* Sources */ = {
			isa = PBXSourcesBuildPhase;
			buildActionMask = 2147483647;
			files = (
				4B75E3CB2387CD93004ED3E4 /* CAIProbeTests.m in Sources */,
			);
			runOnlyForDeploymentPostprocessing = 0;
		};
		4B75E4092387D283004ED3E4 /* Sources */ = {
			isa = PBXSourcesBuildPhase;
			buildActionMask = 2147483647;
			files = (
				4B75E44D2387D3A1004ED3E4 /* CAIProbe.h in Sources */,
				4B75E44E2387D3A1004ED3E4 /* CAIPKeyPathParser.m in Sources */,
				4B75E44F2387D3A1004ED3E4 /* CAIPModel.m in Sources */,
				4B75E4502387D3A1004ED3E4 /* CAIPEvent.h in Sources */,
				4B75E4512387D3A1004ED3E4 /* CAIPLog.m in Sources */,
				4B75E4522387D3A1004ED3E4 /* CAIPKeyPath.h in Sources */,
				4B75E4532387D3A1004ED3E4 /* CAIPPlan.m in Sources */,
				4B75E4542387D3A1004ED3E4 /* CAIPKeyPathParser.h in Sources */,
				4B75E4552387D3A1004ED3E4 /* CAIPEvent.m in Sources */,
				4B75E4562387D3A1004ED3E4 /* CAIPModel.h in Sources */,
				4B75E4572387D3A1004ED3E4 /* CAIPKeyPath.m in Sources */,
				4B75E4582387D3A1004ED3E4 /* CAIPLog.h in Sources */,
				4B75E4592387D3A1004ED3E4 /* CAIPPlan.h in Sources */,
				4B75E45A2387D3A1004ED3E4 /* CAIProbeUtils.h in Sources */,
				4B75E45B2387D3A1004ED3E4 /* CAIProbeUtils.m in Sources */,
				4B75E45C2387D3A1004ED3E4 /* CAIDecoder.m in Sources */,
				4B75E45D2387D3A1004ED3E4 /* CAIPAOPManager.m in Sources */,
				4B75E45E2387D3A1004ED3E4 /* CAIProbe.m in Sources */,
				4B75E45F2387D3A1004ED3E4 /* CAIDecoder.h in Sources */,
				4B75E4602387D3A1004ED3E4 /* CAIPAOPManager.h in Sources */,
				4B75E4612387D3A1004ED3E4 /* CAIProbeDelegate.h in Sources */,
			);
			runOnlyForDeploymentPostprocessing = 0;
		};
		4B75E4162387D2A1004ED3E4 /* Sources */ = {
			isa = PBXSourcesBuildPhase;
			buildActionMask = 2147483647;
			files = (
				4B75E47A2387D579004ED3E4 /* CAIPKeyPathParser.m in Sources */,
				4B75E47B2387D579004ED3E4 /* CAIPModel.m in Sources */,
				4B75E47C2387D579004ED3E4 /* CAIPLog.m in Sources */,
				4B75E47D2387D579004ED3E4 /* CAIPPlan.m in Sources */,
				4B75E47E2387D579004ED3E4 /* CAIPEvent.m in Sources */,
				4B75E47F2387D579004ED3E4 /* CAIPModel.h in Sources */,
				4B75E4802387D579004ED3E4 /* CAIPKeyPath.m in Sources */,
				4B75E4812387D579004ED3E4 /* CAIProbeUtils.m in Sources */,
				4B75E4822387D579004ED3E4 /* CAIDecoder.m in Sources */,
				4B75E4832387D579004ED3E4 /* CAIPAOPManager.m in Sources */,
				4B75E4842387D579004ED3E4 /* CAIProbe.m in Sources */,
				4B75E4852387D57A004ED3E4 /* CAIPAOPManager.h in Sources */,
			);
			runOnlyForDeploymentPostprocessing = 0;
		};
		4B75E41E2387D2A1004ED3E4 /* Sources */ = {
			isa = PBXSourcesBuildPhase;
			buildActionMask = 2147483647;
			files = (
				4B75E4282387D2A1004ED3E4 /* CAIProbe_tvOSTests.m in Sources */,
			);
			runOnlyForDeploymentPostprocessing = 0;
		};
		4B75E4322387D2BC004ED3E4 /* Sources */ = {
			isa = PBXSourcesBuildPhase;
			buildActionMask = 2147483647;
			files = (
				4B75E4922387D5D7004ED3E4 /* CAIPKeyPathParser.m in Sources */,
				4B75E4932387D5D7004ED3E4 /* CAIPModel.m in Sources */,
				4B75E4942387D5D7004ED3E4 /* CAIPLog.m in Sources */,
				4B75E4952387D5D7004ED3E4 /* CAIPPlan.m in Sources */,
				4B75E4962387D5D7004ED3E4 /* CAIPEvent.m in Sources */,
				4B75E4972387D5D7004ED3E4 /* CAIPKeyPath.m in Sources */,
				4B75E4982387D5D7004ED3E4 /* CAIProbeUtils.m in Sources */,
				4B75E4992387D5D7004ED3E4 /* CAIDecoder.m in Sources */,
				4B75E49A2387D5D7004ED3E4 /* CAIPAOPManager.m in Sources */,
				4B75E49B2387D5D7004ED3E4 /* CAIProbe.m in Sources */,
			);
			runOnlyForDeploymentPostprocessing = 0;
		};
		4B75E43A2387D2BC004ED3E4 /* Sources */ = {
			isa = PBXSourcesBuildPhase;
			buildActionMask = 2147483647;
			files = (
				4B75E4442387D2BC004ED3E4 /* CAIProbe_macOSTests.m in Sources */,
			);
			runOnlyForDeploymentPostprocessing = 0;
		};
/* End PBXSourcesBuildPhase section */

/* Begin PBXTargetDependency section */
		4B75E3C82387CD93004ED3E4 /* PBXTargetDependency */ = {
			isa = PBXTargetDependency;
			target = 4B75E3BB2387CD93004ED3E4 /* CAIProbe */;
			targetProxy = 4B75E3C72387CD93004ED3E4 /* PBXContainerItemProxy */;
		};
		4B75E4252387D2A1004ED3E4 /* PBXTargetDependency */ = {
			isa = PBXTargetDependency;
			target = 4B75E4192387D2A1004ED3E4 /* CAIProbe_tvOS */;
			targetProxy = 4B75E4242387D2A1004ED3E4 /* PBXContainerItemProxy */;
		};
		4B75E4412387D2BC004ED3E4 /* PBXTargetDependency */ = {
			isa = PBXTargetDependency;
			target = 4B75E4352387D2BC004ED3E4 /* CAIProbe_macOS */;
			targetProxy = 4B75E4402387D2BC004ED3E4 /* PBXContainerItemProxy */;
		};
/* End PBXTargetDependency section */

/* Begin XCBuildConfiguration section */
		4B75E3CE2387CD93004ED3E4 /* Debug */ = {
			isa = XCBuildConfiguration;
			buildSettings = {
				ALWAYS_SEARCH_USER_PATHS = NO;
				CLANG_ANALYZER_NONNULL = YES;
				CLANG_ANALYZER_NUMBER_OBJECT_CONVERSION = YES_AGGRESSIVE;
				CLANG_CXX_LANGUAGE_STANDARD = "gnu++14";
				CLANG_CXX_LIBRARY = "libc++";
				CLANG_ENABLE_MODULES = YES;
				CLANG_ENABLE_OBJC_ARC = YES;
				CLANG_ENABLE_OBJC_WEAK = YES;
				CLANG_WARN_BLOCK_CAPTURE_AUTORELEASING = YES;
				CLANG_WARN_BOOL_CONVERSION = YES;
				CLANG_WARN_COMMA = YES;
				CLANG_WARN_CONSTANT_CONVERSION = YES;
				CLANG_WARN_DEPRECATED_OBJC_IMPLEMENTATIONS = YES;
				CLANG_WARN_DIRECT_OBJC_ISA_USAGE = YES_ERROR;
				CLANG_WARN_DOCUMENTATION_COMMENTS = YES;
				CLANG_WARN_EMPTY_BODY = YES;
				CLANG_WARN_ENUM_CONVERSION = YES;
				CLANG_WARN_INFINITE_RECURSION = YES;
				CLANG_WARN_INT_CONVERSION = YES;
				CLANG_WARN_NON_LITERAL_NULL_CONVERSION = YES;
				CLANG_WARN_OBJC_IMPLICIT_RETAIN_SELF = YES;
				CLANG_WARN_OBJC_LITERAL_CONVERSION = YES;
				CLANG_WARN_OBJC_ROOT_CLASS = YES_ERROR;
				CLANG_WARN_RANGE_LOOP_ANALYSIS = YES;
				CLANG_WARN_STRICT_PROTOTYPES = YES;
				CLANG_WARN_SUSPICIOUS_MOVE = YES;
				CLANG_WARN_UNGUARDED_AVAILABILITY = YES_AGGRESSIVE;
				CLANG_WARN_UNREACHABLE_CODE = YES;
				CLANG_WARN__DUPLICATE_METHOD_MATCH = YES;
				COPY_PHASE_STRIP = NO;
				CURRENT_PROJECT_VERSION = 1;
				DEBUG_INFORMATION_FORMAT = dwarf;
				ENABLE_STRICT_OBJC_MSGSEND = YES;
				ENABLE_TESTABILITY = YES;
				GCC_C_LANGUAGE_STANDARD = gnu11;
				GCC_DYNAMIC_NO_PIC = NO;
				GCC_NO_COMMON_BLOCKS = YES;
				GCC_OPTIMIZATION_LEVEL = 0;
				GCC_PREPROCESSOR_DEFINITIONS = (
					"DEBUG=1",
					"$(inherited)",
				);
				GCC_WARN_64_TO_32_BIT_CONVERSION = YES;
				GCC_WARN_ABOUT_RETURN_TYPE = YES_ERROR;
				GCC_WARN_UNDECLARED_SELECTOR = YES;
				GCC_WARN_UNINITIALIZED_AUTOS = YES_AGGRESSIVE;
				GCC_WARN_UNUSED_FUNCTION = YES;
				GCC_WARN_UNUSED_VARIABLE = YES;
				IPHONEOS_DEPLOYMENT_TARGET = 8.0;
				MTL_ENABLE_DEBUG_INFO = INCLUDE_SOURCE;
				MTL_FAST_MATH = YES;
				ONLY_ACTIVE_ARCH = YES;
				SDKROOT = iphoneos;
				VERSIONING_SYSTEM = "apple-generic";
				VERSION_INFO_PREFIX = "";
			};
			name = Debug;
		};
		4B75E3CF2387CD93004ED3E4 /* Release */ = {
			isa = XCBuildConfiguration;
			buildSettings = {
				ALWAYS_SEARCH_USER_PATHS = NO;
				CLANG_ANALYZER_NONNULL = YES;
				CLANG_ANALYZER_NUMBER_OBJECT_CONVERSION = YES_AGGRESSIVE;
				CLANG_CXX_LANGUAGE_STANDARD = "gnu++14";
				CLANG_CXX_LIBRARY = "libc++";
				CLANG_ENABLE_MODULES = YES;
				CLANG_ENABLE_OBJC_ARC = YES;
				CLANG_ENABLE_OBJC_WEAK = YES;
				CLANG_WARN_BLOCK_CAPTURE_AUTORELEASING = YES;
				CLANG_WARN_BOOL_CONVERSION = YES;
				CLANG_WARN_COMMA = YES;
				CLANG_WARN_CONSTANT_CONVERSION = YES;
				CLANG_WARN_DEPRECATED_OBJC_IMPLEMENTATIONS = YES;
				CLANG_WARN_DIRECT_OBJC_ISA_USAGE = YES_ERROR;
				CLANG_WARN_DOCUMENTATION_COMMENTS = YES;
				CLANG_WARN_EMPTY_BODY = YES;
				CLANG_WARN_ENUM_CONVERSION = YES;
				CLANG_WARN_INFINITE_RECURSION = YES;
				CLANG_WARN_INT_CONVERSION = YES;
				CLANG_WARN_NON_LITERAL_NULL_CONVERSION = YES;
				CLANG_WARN_OBJC_IMPLICIT_RETAIN_SELF = YES;
				CLANG_WARN_OBJC_LITERAL_CONVERSION = YES;
				CLANG_WARN_OBJC_ROOT_CLASS = YES_ERROR;
				CLANG_WARN_RANGE_LOOP_ANALYSIS = YES;
				CLANG_WARN_STRICT_PROTOTYPES = YES;
				CLANG_WARN_SUSPICIOUS_MOVE = YES;
				CLANG_WARN_UNGUARDED_AVAILABILITY = YES_AGGRESSIVE;
				CLANG_WARN_UNREACHABLE_CODE = YES;
				CLANG_WARN__DUPLICATE_METHOD_MATCH = YES;
				COPY_PHASE_STRIP = NO;
				CURRENT_PROJECT_VERSION = 1;
				DEBUG_INFORMATION_FORMAT = "dwarf-with-dsym";
				ENABLE_NS_ASSERTIONS = NO;
				ENABLE_STRICT_OBJC_MSGSEND = YES;
				GCC_C_LANGUAGE_STANDARD = gnu11;
				GCC_NO_COMMON_BLOCKS = YES;
				GCC_WARN_64_TO_32_BIT_CONVERSION = YES;
				GCC_WARN_ABOUT_RETURN_TYPE = YES_ERROR;
				GCC_WARN_UNDECLARED_SELECTOR = YES;
				GCC_WARN_UNINITIALIZED_AUTOS = YES_AGGRESSIVE;
				GCC_WARN_UNUSED_FUNCTION = YES;
				GCC_WARN_UNUSED_VARIABLE = YES;
				IPHONEOS_DEPLOYMENT_TARGET = 8.0;
				MTL_ENABLE_DEBUG_INFO = NO;
				MTL_FAST_MATH = YES;
				SDKROOT = iphoneos;
				VALIDATE_PRODUCT = YES;
				VERSIONING_SYSTEM = "apple-generic";
				VERSION_INFO_PREFIX = "";
			};
			name = Release;
		};
		4B75E3D12387CD93004ED3E4 /* Debug */ = {
			isa = XCBuildConfiguration;
			buildSettings = {
				CODE_SIGN_STYLE = Automatic;
				DEFINES_MODULE = YES;
				DYLIB_COMPATIBILITY_VERSION = 1;
				DYLIB_CURRENT_VERSION = 1;
				DYLIB_INSTALL_NAME_BASE = "@rpath";
				FRAMEWORK_SEARCH_PATHS = (
					"$(inherited)",
					"$(PROJECT_DIR)/framework",
				);
				INFOPLIST_FILE = CAIProbe/Info.plist;
				INSTALL_PATH = "$(LOCAL_LIBRARY_DIR)/Frameworks";
				LD_RUNPATH_SEARCH_PATHS = (
					"$(inherited)",
					"@executable_path/Frameworks",
					"@loader_path/Frameworks",
				);
				PRODUCT_BUNDLE_IDENTIFIER = com.caidev.CAIProbe;
				PRODUCT_NAME = "$(TARGET_NAME:c99extidentifier)";
				SKIP_INSTALL = YES;
				TARGETED_DEVICE_FAMILY = "1,2";
			};
			name = Debug;
		};
		4B75E3D22387CD93004ED3E4 /* Release */ = {
			isa = XCBuildConfiguration;
			buildSettings = {
				CODE_SIGN_STYLE = Automatic;
				DEFINES_MODULE = YES;
				DYLIB_COMPATIBILITY_VERSION = 1;
				DYLIB_CURRENT_VERSION = 1;
				DYLIB_INSTALL_NAME_BASE = "@rpath";
				FRAMEWORK_SEARCH_PATHS = (
					"$(inherited)",
					"$(PROJECT_DIR)/framework",
				);
				INFOPLIST_FILE = CAIProbe/Info.plist;
				INSTALL_PATH = "$(LOCAL_LIBRARY_DIR)/Frameworks";
				LD_RUNPATH_SEARCH_PATHS = (
					"$(inherited)",
					"@executable_path/Frameworks",
					"@loader_path/Frameworks",
				);
				PRODUCT_BUNDLE_IDENTIFIER = com.caidev.CAIProbe;
				PRODUCT_NAME = "$(TARGET_NAME:c99extidentifier)";
				SKIP_INSTALL = YES;
				TARGETED_DEVICE_FAMILY = "1,2";
			};
			name = Release;
		};
		4B75E3D42387CD93004ED3E4 /* Debug */ = {
			isa = XCBuildConfiguration;
			buildSettings = {
				CODE_SIGN_STYLE = Automatic;
				INFOPLIST_FILE = CAIProbeTests/Info.plist;
				LD_RUNPATH_SEARCH_PATHS = (
					"$(inherited)",
					"@executable_path/Frameworks",
					"@loader_path/Frameworks",
				);
				PRODUCT_BUNDLE_IDENTIFIER = com.caidev.CAIProbeTests;
				PRODUCT_NAME = "$(TARGET_NAME)";
				TARGETED_DEVICE_FAMILY = "1,2";
			};
			name = Debug;
		};
		4B75E3D52387CD93004ED3E4 /* Release */ = {
			isa = XCBuildConfiguration;
			buildSettings = {
				CODE_SIGN_STYLE = Automatic;
				INFOPLIST_FILE = CAIProbeTests/Info.plist;
				LD_RUNPATH_SEARCH_PATHS = (
					"$(inherited)",
					"@executable_path/Frameworks",
					"@loader_path/Frameworks",
				);
				PRODUCT_BUNDLE_IDENTIFIER = com.caidev.CAIProbeTests;
				PRODUCT_NAME = "$(TARGET_NAME)";
				TARGETED_DEVICE_FAMILY = "1,2";
			};
			name = Release;
		};
		4B75E4122387D283004ED3E4 /* Debug */ = {
			isa = XCBuildConfiguration;
			buildSettings = {
				APPLICATION_EXTENSION_API_ONLY = YES;
				CODE_SIGN_STYLE = Automatic;
				DEFINES_MODULE = YES;
				DYLIB_COMPATIBILITY_VERSION = 1;
				DYLIB_CURRENT_VERSION = 1;
				DYLIB_INSTALL_NAME_BASE = "@rpath";
				FRAMEWORK_SEARCH_PATHS = (
					"$(inherited)",
					"$(PROJECT_DIR)/framework",
				);
				INFOPLIST_FILE = CAIProbe/Info.plist;
				INSTALL_PATH = "$(LOCAL_LIBRARY_DIR)/Frameworks";
				LD_RUNPATH_SEARCH_PATHS = (
					"$(inherited)",
					"@executable_path/Frameworks",
					"@loader_path/Frameworks",
				);
				PRODUCT_BUNDLE_IDENTIFIER = com.caidev.CAIProbe;
				PRODUCT_NAME = CAIProbe;
				SDKROOT = watchos;
				SKIP_INSTALL = YES;
				TARGETED_DEVICE_FAMILY = 4;
				WATCHOS_DEPLOYMENT_TARGET = 6.0;
			};
			name = Debug;
		};
		4B75E4132387D283004ED3E4 /* Release */ = {
			isa = XCBuildConfiguration;
			buildSettings = {
				APPLICATION_EXTENSION_API_ONLY = YES;
				CODE_SIGN_STYLE = Automatic;
				DEFINES_MODULE = YES;
				DYLIB_COMPATIBILITY_VERSION = 1;
				DYLIB_CURRENT_VERSION = 1;
				DYLIB_INSTALL_NAME_BASE = "@rpath";
				FRAMEWORK_SEARCH_PATHS = (
					"$(inherited)",
					"$(PROJECT_DIR)/framework",
				);
				INFOPLIST_FILE = CAIProbe/Info.plist;
				INSTALL_PATH = "$(LOCAL_LIBRARY_DIR)/Frameworks";
				LD_RUNPATH_SEARCH_PATHS = (
					"$(inherited)",
					"@executable_path/Frameworks",
					"@loader_path/Frameworks",
				);
				PRODUCT_BUNDLE_IDENTIFIER = com.caidev.CAIProbe;
				PRODUCT_NAME = CAIProbe;
				SDKROOT = watchos;
				SKIP_INSTALL = YES;
				TARGETED_DEVICE_FAMILY = 4;
				WATCHOS_DEPLOYMENT_TARGET = 6.0;
			};
			name = Release;
		};
		4B75E42C2387D2A1004ED3E4 /* Debug */ = {
			isa = XCBuildConfiguration;
			buildSettings = {
				CODE_SIGN_STYLE = Automatic;
				DEFINES_MODULE = YES;
				DYLIB_COMPATIBILITY_VERSION = 1;
				DYLIB_CURRENT_VERSION = 1;
				DYLIB_INSTALL_NAME_BASE = "@rpath";
				FRAMEWORK_SEARCH_PATHS = (
					"$(inherited)",
					"$(PROJECT_DIR)/framework",
				);
				INFOPLIST_FILE = CAIProbe/Info.plist;
				INSTALL_PATH = "$(LOCAL_LIBRARY_DIR)/Frameworks";
				LD_RUNPATH_SEARCH_PATHS = (
					"$(inherited)",
					"@executable_path/Frameworks",
					"@loader_path/Frameworks",
				);
				PRODUCT_BUNDLE_IDENTIFIER = com.caidev.CAIProbe;
				PRODUCT_NAME = CAIProbe;
				SDKROOT = appletvos;
				SKIP_INSTALL = YES;
				TARGETED_DEVICE_FAMILY = 3;
				TVOS_DEPLOYMENT_TARGET = 13.0;
			};
			name = Debug;
		};
		4B75E42D2387D2A1004ED3E4 /* Release */ = {
			isa = XCBuildConfiguration;
			buildSettings = {
				CODE_SIGN_STYLE = Automatic;
				DEFINES_MODULE = YES;
				DYLIB_COMPATIBILITY_VERSION = 1;
				DYLIB_CURRENT_VERSION = 1;
				DYLIB_INSTALL_NAME_BASE = "@rpath";
				FRAMEWORK_SEARCH_PATHS = (
					"$(inherited)",
					"$(PROJECT_DIR)/framework",
				);
				INFOPLIST_FILE = CAIProbe/Info.plist;
				INSTALL_PATH = "$(LOCAL_LIBRARY_DIR)/Frameworks";
				LD_RUNPATH_SEARCH_PATHS = (
					"$(inherited)",
					"@executable_path/Frameworks",
					"@loader_path/Frameworks",
				);
				PRODUCT_BUNDLE_IDENTIFIER = com.caidev.CAIProbe;
				PRODUCT_NAME = CAIProbe;
				SDKROOT = appletvos;
				SKIP_INSTALL = YES;
				TARGETED_DEVICE_FAMILY = 3;
				TVOS_DEPLOYMENT_TARGET = 13.0;
			};
			name = Release;
		};
		4B75E42F2387D2A1004ED3E4 /* Debug */ = {
			isa = XCBuildConfiguration;
			buildSettings = {
				CODE_SIGN_STYLE = Automatic;
				INFOPLIST_FILE = CAIProbe_tvOSTests/Info.plist;
				LD_RUNPATH_SEARCH_PATHS = (
					"$(inherited)",
					"@executable_path/Frameworks",
					"@loader_path/Frameworks",
				);
				PRODUCT_BUNDLE_IDENTIFIER = "com.caidev.CAIProbe-tvOSTests";
				PRODUCT_NAME = "$(TARGET_NAME)";
				SDKROOT = appletvos;
				TARGETED_DEVICE_FAMILY = 3;
				TVOS_DEPLOYMENT_TARGET = 13.0;
			};
			name = Debug;
		};
		4B75E4302387D2A1004ED3E4 /* Release */ = {
			isa = XCBuildConfiguration;
			buildSettings = {
				CODE_SIGN_STYLE = Automatic;
				INFOPLIST_FILE = CAIProbe_tvOSTests/Info.plist;
				LD_RUNPATH_SEARCH_PATHS = (
					"$(inherited)",
					"@executable_path/Frameworks",
					"@loader_path/Frameworks",
				);
				PRODUCT_BUNDLE_IDENTIFIER = "com.caidev.CAIProbe-tvOSTests";
				PRODUCT_NAME = "$(TARGET_NAME)";
				SDKROOT = appletvos;
				TARGETED_DEVICE_FAMILY = 3;
				TVOS_DEPLOYMENT_TARGET = 13.0;
			};
			name = Release;
		};
		4B75E4482387D2BC004ED3E4 /* Debug */ = {
			isa = XCBuildConfiguration;
			buildSettings = {
				CODE_SIGN_STYLE = Automatic;
				COMBINE_HIDPI_IMAGES = YES;
				DEFINES_MODULE = YES;
				DYLIB_COMPATIBILITY_VERSION = 1;
				DYLIB_CURRENT_VERSION = 1;
				DYLIB_INSTALL_NAME_BASE = "@rpath";
				FRAMEWORK_SEARCH_PATHS = (
					"$(inherited)",
					"$(PROJECT_DIR)/framework",
				);
				INFOPLIST_FILE = CAIProbe/Info.plist;
				INSTALL_PATH = "$(LOCAL_LIBRARY_DIR)/Frameworks";
				LD_RUNPATH_SEARCH_PATHS = (
					"$(inherited)",
					"@executable_path/../Frameworks",
					"@loader_path/Frameworks",
				);
				MACOSX_DEPLOYMENT_TARGET = 10.15;
				PRODUCT_BUNDLE_IDENTIFIER = com.caidev.CAIProbe;
				PRODUCT_NAME = CAIProbe;
				SDKROOT = macosx;
				SKIP_INSTALL = YES;
			};
			name = Debug;
		};
		4B75E4492387D2BC004ED3E4 /* Release */ = {
			isa = XCBuildConfiguration;
			buildSettings = {
				CODE_SIGN_STYLE = Automatic;
				COMBINE_HIDPI_IMAGES = YES;
				DEFINES_MODULE = YES;
				DYLIB_COMPATIBILITY_VERSION = 1;
				DYLIB_CURRENT_VERSION = 1;
				DYLIB_INSTALL_NAME_BASE = "@rpath";
				FRAMEWORK_SEARCH_PATHS = (
					"$(inherited)",
					"$(PROJECT_DIR)/framework",
				);
				INFOPLIST_FILE = CAIProbe/Info.plist;
				INSTALL_PATH = "$(LOCAL_LIBRARY_DIR)/Frameworks";
				LD_RUNPATH_SEARCH_PATHS = (
					"$(inherited)",
					"@executable_path/../Frameworks",
					"@loader_path/Frameworks",
				);
				MACOSX_DEPLOYMENT_TARGET = 10.15;
				PRODUCT_BUNDLE_IDENTIFIER = com.caidev.CAIProbe;
				PRODUCT_NAME = CAIProbe;
				SDKROOT = macosx;
				SKIP_INSTALL = YES;
			};
			name = Release;
		};
		4B75E44B2387D2BC004ED3E4 /* Debug */ = {
			isa = XCBuildConfiguration;
			buildSettings = {
				CODE_SIGN_STYLE = Automatic;
				COMBINE_HIDPI_IMAGES = YES;
				INFOPLIST_FILE = CAIProbe_macOSTests/Info.plist;
				LD_RUNPATH_SEARCH_PATHS = (
					"$(inherited)",
					"@executable_path/../Frameworks",
					"@loader_path/../Frameworks",
				);
				MACOSX_DEPLOYMENT_TARGET = 10.15;
				PRODUCT_BUNDLE_IDENTIFIER = "com.caidev.CAIProbe-macOSTests";
				PRODUCT_NAME = "$(TARGET_NAME)";
				SDKROOT = macosx;
			};
			name = Debug;
		};
		4B75E44C2387D2BC004ED3E4 /* Release */ = {
			isa = XCBuildConfiguration;
			buildSettings = {
				CODE_SIGN_STYLE = Automatic;
				COMBINE_HIDPI_IMAGES = YES;
				INFOPLIST_FILE = CAIProbe_macOSTests/Info.plist;
				LD_RUNPATH_SEARCH_PATHS = (
					"$(inherited)",
					"@executable_path/../Frameworks",
					"@loader_path/../Frameworks",
				);
				MACOSX_DEPLOYMENT_TARGET = 10.15;
				PRODUCT_BUNDLE_IDENTIFIER = "com.caidev.CAIProbe-macOSTests";
				PRODUCT_NAME = "$(TARGET_NAME)";
				SDKROOT = macosx;
			};
			name = Release;
		};
/* End XCBuildConfiguration section */

/* Begin XCConfigurationList section */
		4B75E3B62387CD93004ED3E4 /* Build configuration list for PBXProject "CAIProbe" */ = {
			isa = XCConfigurationList;
			buildConfigurations = (
				4B75E3CE2387CD93004ED3E4 /* Debug */,
				4B75E3CF2387CD93004ED3E4 /* Release */,
			);
			defaultConfigurationIsVisible = 0;
			defaultConfigurationName = Release;
		};
		4B75E3D02387CD93004ED3E4 /* Build configuration list for PBXNativeTarget "CAIProbe" */ = {
			isa = XCConfigurationList;
			buildConfigurations = (
				4B75E3D12387CD93004ED3E4 /* Debug */,
				4B75E3D22387CD93004ED3E4 /* Release */,
			);
			defaultConfigurationIsVisible = 0;
			defaultConfigurationName = Release;
		};
		4B75E3D32387CD93004ED3E4 /* Build configuration list for PBXNativeTarget "CAIProbeTests" */ = {
			isa = XCConfigurationList;
			buildConfigurations = (
				4B75E3D42387CD93004ED3E4 /* Debug */,
				4B75E3D52387CD93004ED3E4 /* Release */,
			);
			defaultConfigurationIsVisible = 0;
			defaultConfigurationName = Release;
		};
		4B75E4142387D283004ED3E4 /* Build configuration list for PBXNativeTarget "CAIProbe-WOS" */ = {
			isa = XCConfigurationList;
			buildConfigurations = (
				4B75E4122387D283004ED3E4 /* Debug */,
				4B75E4132387D283004ED3E4 /* Release */,
			);
			defaultConfigurationIsVisible = 0;
			defaultConfigurationName = Release;
		};
		4B75E42B2387D2A1004ED3E4 /* Build configuration list for PBXNativeTarget "CAIProbe_tvOS" */ = {
			isa = XCConfigurationList;
			buildConfigurations = (
				4B75E42C2387D2A1004ED3E4 /* Debug */,
				4B75E42D2387D2A1004ED3E4 /* Release */,
			);
			defaultConfigurationIsVisible = 0;
			defaultConfigurationName = Release;
		};
		4B75E42E2387D2A1004ED3E4 /* Build configuration list for PBXNativeTarget "CAIProbe_tvOSTests" */ = {
			isa = XCConfigurationList;
			buildConfigurations = (
				4B75E42F2387D2A1004ED3E4 /* Debug */,
				4B75E4302387D2A1004ED3E4 /* Release */,
			);
			defaultConfigurationIsVisible = 0;
			defaultConfigurationName = Release;
		};
		4B75E4472387D2BC004ED3E4 /* Build configuration list for PBXNativeTarget "CAIProbe_macOS" */ = {
			isa = XCConfigurationList;
			buildConfigurations = (
				4B75E4482387D2BC004ED3E4 /* Debug */,
				4B75E4492387D2BC004ED3E4 /* Release */,
			);
			defaultConfigurationIsVisible = 0;
			defaultConfigurationName = Release;
		};
		4B75E44A2387D2BC004ED3E4 /* Build configuration list for PBXNativeTarget "CAIProbe_macOSTests" */ = {
			isa = XCConfigurationList;
			buildConfigurations = (
				4B75E44B2387D2BC004ED3E4 /* Debug */,
				4B75E44C2387D2BC004ED3E4 /* Release */,
			);
			defaultConfigurationIsVisible = 0;
			defaultConfigurationName = Release;
		};
/* End XCConfigurationList section */
	};
	rootObject = 4B75E3B32387CD93004ED3E4 /* Project object */;
}
